# THIS IS AN AUTOGENERATED FILE. DO NOT EDIT THIS FILE DIRECTLY.
# yarn lockfile v1


"@popperjs/core@^2.10.2":
  version "2.11.4"
  resolved "https://registry.yarnpkg.com/@popperjs/core/-/core-2.11.4.tgz#d8c7b8db9226d2d7664553a0741ad7d0397ee503"
  integrity sha512-q/ytXxO5NKvyT37pmisQAItCFqA7FD/vNb8dgaJy3/630Fsc+Mz9/9f2SziBoIZ30TJooXyTwZmhi1zjXmObYg==

"animate.css@github:daneden/animate.css":
  version "4.1.1"
  resolved "https://codeload.github.com/daneden/animate.css/tar.gz/095d28f7a45eddc8f2ca0c2ef04c4199b9fab1a0"

bootstrap@^5.1.3:
  version "5.1.3"
  resolved "https://registry.yarnpkg.com/bootstrap/-/bootstrap-5.1.3.tgz#ba081b0c130f810fa70900acbc1c6d3c28fa8f34"
  integrity sha512-fcQztozJ8jToQWXxVuEyXWW+dSo8AiXWKwiSSrKWsRB/Qt+Ewwza+JWoLKiTuQLaEPhdNAJ7+Dosc9DOIqNy7Q==

"html5-boilerplate@github:h5bp/html5-boilerplate":
  version "8.0.0"
  resolved "https://codeload.github.com/h5bp/html5-boilerplate/tar.gz/1ea22b43827c642acdef6108c045960e9e92c43e"

open-props@^1.0.11:
  version "1.3.9"
  resolved "https://registry.yarnpkg.com/open-props/-/open-props-1.3.9.tgz#3b9912a4b9a4b60ac27d5a71e95d5ca812b4a2e4"
  integrity sha512-Lv69rcEx0XA0r5IsPwFo59V+Wxh/l5fIXeTubcuchXk5h+e+2tAIGH64Tyz6JWsBxufiCFI5Q5N0xWrtlbYilQ==
